
Microsoft Visual Studio Solution File, Format Version 12.00
# Visual Studio 15
VisualStudioVersion = 15.0.28307.421
MinimumVisualStudioVersion = 10.0.40219.1
Project("{FAE04EC0-301F-11D3-BF4B-00C04F79EFBC}") = "WatchTest", "WatchTest\WatchTest.csproj", "{3889EE7F-8D8A-41CE-BFF1-6B205DD198EE}"
EndProject
Global
	GlobalSection(SolutionConfigurationPlatforms) = preSolution
		Debug|Any CPU = Debug|Any CPU
		Release|Any CPU = Release|Any CPU
	EndGlobalSection
	GlobalSection(ProjectConfigurationPlatforms) = postSolution
		{3889EE7F-8D8A-41CE-BFF1-6B205DD198EE}.Debug|Any CPU.ActiveCfg = Debug|Any CPU
		{3889EE7F-8D8A-41CE-BFF1-6B205DD198EE}.Debug|Any CPU.Build.0 = Debug|Any CPU
		{3889EE7F-8D8A-41CE-BFF1-6B205DD198EE}.Release|Any CPU.ActiveCfg = Release|Any CPU
		{3889EE7F-8D8A-41CE-BFF1-6B205DD198EE}.Release|Any CPU.Build.0 = Release|Any CPU
	EndGlobalSection
	GlobalSection(SolutionProperties) = preSolution
		HideSolutionNode = FALSE
	EndGlobalSection
	GlobalSection(ExtensibilityGlobals) = postSolution
		SolutionGuid = {0D46EC82-B770-4FE8-BB2D-CBE9FC93F311}
	EndGlobalSection
EndGlobal
